
Microsoft Visual Studio Solution File, Format Version 12.00
# Visual Studio Version 17
VisualStudioVersion = 17.3.32825.248
MinimumVisualStudioVersion = 10.0.40219.1
Project("{FAE04EC0-301F-11D3-BF4B-00C04F79EFBC}") = "MQTT Broker", "Vprobe HA Broker\MQTT Broker.csproj", "{7B6E023E-8354-46E6-A375-16478FA8F8BD}"
EndProject
Global
	GlobalSection(SolutionConfigurationPlatforms) = preSolution
		Debug|Any CPU = Debug|Any CPU
		Release|Any CPU = Release|Any CPU
	EndGlobalSection
	GlobalSection(ProjectConfigurationPlatforms) = postSolution
		{7B6E023E-8354-46E6-A375-16478FA8F8BD}.Debug|Any CPU.ActiveCfg = Debug|Any CPU
		{7B6E023E-8354-46E6-A375-16478FA8F8BD}.Debug|Any CPU.Build.0 = Debug|Any CPU
		{7B6E023E-8354-46E6-A375-16478FA8F8BD}.Release|Any CPU.ActiveCfg = Release|Any CPU
		{7B6E023E-8354-46E6-A375-16478FA8F8BD}.Release|Any CPU.Build.0 = Release|Any CPU
	EndGlobalSection
	GlobalSection(SolutionProperties) = preSolution
		HideSolutionNode = FALSE
	EndGlobalSection
	GlobalSection(ExtensibilityGlobals) = postSolution
		SolutionGuid = {FE18147D-B0CF-46E3-80E0-1DB23A0CFE7A}
	EndGlobalSection
EndGlobal
